
Microsoft Visual Studio Solution File, Format Version 12.00
# Visual Studio Version 16
VisualStudioVersion = 16.0.31702.278
MinimumVisualStudioVersion = 10.0.40219.1
Project("{FAE04EC0-301F-11D3-BF4B-00C04F79EFBC}") = "HackerRankChallenges", "HackerRankChallenges.csproj", "{5514362C-F0A3-4EBE-BC76-C02EF031FD0A}"
EndProject
Global
	GlobalSection(SolutionConfigurationPlatforms) = preSolution
		Debug|Any CPU = Debug|Any CPU
		Release|Any CPU = Release|Any CPU
	EndGlobalSection
	GlobalSection(ProjectConfigurationPlatforms) = postSolution
		{5514362C-F0A3-4EBE-BC76-C02EF031FD0A}.Debug|Any CPU.ActiveCfg = Debug|Any CPU
		{5514362C-F0A3-4EBE-BC76-C02EF031FD0A}.Debug|Any CPU.Build.0 = Debug|Any CPU
		{5514362C-F0A3-4EBE-BC76-C02EF031FD0A}.Release|Any CPU.ActiveCfg = Release|Any CPU
		{5514362C-F0A3-4EBE-BC76-C02EF031FD0A}.Release|Any CPU.Build.0 = Release|Any CPU
	EndGlobalSection
	GlobalSection(SolutionProperties) = preSolution
		HideSolutionNode = FALSE
	EndGlobalSection
	GlobalSection(ExtensibilityGlobals) = postSolution
		SolutionGuid = {543D6489-28DA-482B-AF5A-87DBD0C0C4C3}
	EndGlobalSection
EndGlobal
